{
  "name": "@fibjs/fibx-ejs",
  "version": "1.0.0",
  "lockfileVersion": 1,
  "requires": true,
  "dependencies": {
    "@fibjs/fibx": {
      "version": "0.3.2",
      "resolved": "https://registry.npmjs.org/@fibjs/fibx/-/fibx-0.3.2.tgz",
      "integrity": "sha1-gxTAWQ9P3Xqof5NXacbzV38AAmI=",
      "dev": true
    },
    "ejs": {
      "version": "2.5.6",
      "resolved": "https://registry.npmjs.org/ejs/-/ejs-2.5.6.tgz",
      "integrity": "sha1-R5Y2v6P+Ox3r1SCH8KyyBLTxnIg="
    }
  }
}
